PODS:
  - LCProgressHUD (1.0.8):
    - MBProgressHUD (~> 0.9.2)
  - MBProgressHUD (0.9.2)
  - SnapKit (4.0.0)

DEPENDENCIES:
  - LCProgressHUD
  - SnapKit

SPEC CHECKSUMS:
  LCProgressHUD: c79809d917bf9cc1cd1cdfc4d91a44c8dbfa5692
  MBProgressHUD: 1569cf7ace17a8bac47aabfbb8580a49690386d1
  SnapKit: a42d492c16e80209130a3379f73596c3454b7694

PODFILE CHECKSUM: c2d2e0e818b70859150d8016c1a2775141a479d6

COCOAPODS: 1.4.0
